
Microsoft Visual Studio Solution File, Format Version 12.00
# Visual Studio Version 16
VisualStudioVersion = 16.0.29728.190
MinimumVisualStudioVersion = 10.0.40219.1
Project("{FAE04EC0-301F-11D3-BF4B-00C04F79EFBC}") = "blurp", "blurp\blurp.csproj", "{02C455A0-7EE9-40A6-9581-09CBC64E51DF}"
EndProject
Global
	GlobalSection(SolutionConfigurationPlatforms) = preSolution
		Debug|Any CPU = Debug|Any CPU
		Release|Any CPU = Release|Any CPU
	EndGlobalSection
	GlobalSection(ProjectConfigurationPlatforms) = postSolution
		{02C455A0-7EE9-40A6-9581-09CBC64E51DF}.Debug|Any CPU.ActiveCfg = Debug|Any CPU
		{02C455A0-7EE9-40A6-9581-09CBC64E51DF}.Debug|Any CPU.Build.0 = Debug|Any CPU
		{02C455A0-7EE9-40A6-9581-09CBC64E51DF}.Release|Any CPU.ActiveCfg = Release|Any CPU
		{02C455A0-7EE9-40A6-9581-09CBC64E51DF}.Release|Any CPU.Build.0 = Release|Any CPU
	EndGlobalSection
	GlobalSection(SolutionProperties) = preSolution
		HideSolutionNode = FALSE
	EndGlobalSection
	GlobalSection(ExtensibilityGlobals) = postSolution
		SolutionGuid = {03BB83D0-9765-4C3D-A444-DF55AECBE4EB}
	EndGlobalSection
EndGlobal
